// !$*UTF8*$!
{
	archiveVersion = 1;
	classes = {
	};
	objectVersion = 46;
	objects = {

/* Begin PBXBuildFile section */
		284559AC1DA9B4BF0030007A /* AppDelegate.swift in Sources */ = {isa = PBXBuildFile; fileRef = 284559AB1DA9B4BF0030007A /* AppDelegate.swift */; };
		284559AE1DA9B4BF0030007A /* ViewController.swift in Sources */ = {isa = PBXBuildFile; fileRef = 284559AD1DA9B4BF0030007A /* ViewController.swift */; };
		284559B11DA9B4C00030007A /* Main.storyboard in Resources */ = {isa = PBXBuildFile; fileRef = 284559AF1DA9B4C00030007A /* Main.storyboard */; };
		284559B31DA9B4C00030007A /* Assets.xcassets in Resources */ = {isa = PBXBuildFile; fileRef = 284559B21DA9B4C00030007A /* Assets.xcassets */; };
		284559B61DA9B4C00030007A /* LaunchScreen.storyboard in Resources */ = {isa = PBXBuildFile; fileRef = 284559B41DA9B4C00030007A /* LaunchScreen.storyboard */; };
		284559BF1DA9CB840030007A /* Datos.swift in Sources */ = {isa = PBXBuildFile; fileRef = 284559BE1DA9CB840030007A /* Datos.swift */; };
/* End PBXBuildFile section */

/* Begin PBXFileReference section */
		284559A81DA9B4BF0030007A /* burguesasham.app */ = {isa = PBXFileReference; explicitFileType = wrapper.application; includeInIndex = 0; path = burguesasham.app; sourceTree = BUILT_PRODUCTS_DIR; };
		284559AB1DA9B4BF0030007A /* AppDelegate.swift */ = {isa = PBXFileReference; lastKnownFileType = sourcecode.swift; path = AppDelegate.swift; sourceTree = "<group>"; };
		284559AD1DA9B4BF0030007A /* ViewController.swift */ = {isa = PBXFileReference; lastKnownFileType = sourcecode.swift; path = ViewController.swift; sourceTree = "<group>"; };
		284559B01DA9B4C00030007A /* Base */ = {isa = PBXFileReference; lastKnownFileType = file.storyboard; name = Base; path = Base.lproj/Main.storyboard; sourceTree = "<group>"; };
		284559B21DA9B4C00030007A /* Assets.xcassets */ = {isa = PBXFileReference; lastKnownFileType = folder.assetcatalog; path = Assets.xcassets; sourceTree = "<group>"; };
		284559B51DA9B4C00030007A /* Base */ = {isa = PBXFileReference; lastKnownFileType = file.storyboard; name = Base; path = Base.lproj/LaunchScreen.storyboard; sourceTree = "<group>"; };
		284559B71DA9B4C00030007A /* Info.plist */ = {isa = PBXFileReference; lastKnownFileType = text.plist.xml; path = Info.plist; sourceTree = "<group>"; };
		284559BD1DA9B68D0030007A /* burguesas.playground */ = {isa = PBXFileReference; lastKnownFileType = file.playground; path = burguesas.playground; sourceTree = "<group>"; };
		284559BE1DA9CB840030007A /* Datos.swift */ = {isa = PBXFileReference; fileEncoding = 4; lastKnownFileType = sourcecode.swift; path = Datos.swift; sourceTree = "<group>"; };
/* End PBXFileReference section */

/* Begin PBXFrameworksBuildPhase section */
		284559A51DA9B4BF0030007A /* Frameworks */ = {
			isa = PBXFrameworksBuildPhase;
			buildActionMask = 2147483647;
			files = (
			);
			runOnlyForDeploymentPostprocessing = 0;
		};
/* End PBXFrameworksBuildPhase section */

/* Begin PBXGroup section */
		2845599F1DA9B4BF0030007A = {
			isa = PBXGroup;
			children = (
				284559AA1DA9B4BF0030007A /* burguesasham */,
				284559A91DA9B4BF0030007A /* Products */,
			);
			sourceTree = "<group>";
		};
		284559A91DA9B4BF0030007A /* Products */ = {
			isa = PBXGroup;
			children = (
				284559A81DA9B4BF0030007A /* burguesasham.app */,
			);
			name = Products;
			sourceTree = "<group>";
		};
		284559AA1DA9B4BF0030007A /* burguesasham */ = {
			isa = PBXGroup;
			children = (
				284559BE1DA9CB840030007A /* Datos.swift */,
				284559AB1DA9B4BF0030007A /* AppDelegate.swift */,
				284559AD1DA9B4BF0030007A /* ViewController.swift */,
				284559AF1DA9B4C00030007A /* Main.storyboard */,
				284559B21DA9B4C00030007A /* Assets.xcassets */,
				284559B41DA9B4C00030007A /* LaunchScreen.storyboard */,
				284559B71DA9B4C00030007A /* Info.plist */,
				284559BD1DA9B68D0030007A /* burguesas.playground */,
			);
			path = burguesasham;
			sourceTree = "<group>";
		};
/* End PBXGroup section */

/* Begin PBXNativeTarget section */
		284559A71DA9B4BF0030007A /* burguesasham */ = {
			isa = PBXNativeTarget;
			buildConfigurationList = 284559BA1DA9B4C00030007A /* Build configuration list for PBXNativeTarget "burguesasham" */;
			buildPhases = (
				284559A41DA9B4BF0030007A /* Sources */,
				284559A51DA9B4BF0030007A /* Frameworks */,
				284559A61DA9B4BF0030007A /* Resources */,
			);
			buildRules = (
			);
			dependencies = (
			);
			name = burguesasham;
			productName = burguesasham;
			productReference = 284559A81DA9B4BF0030007A /* burguesasham.app */;
			productType = "com.apple.product-type.application";
		};
/* End PBXNativeTarget section */

/* Begin PBXProject section */
		284559A01DA9B4BF0030007A /* Project object */ = {
			isa = PBXProject;
			attributes = {
				LastSwiftUpdateCheck = 0800;
				LastUpgradeCheck = 0800;
				ORGANIZATIONNAME = "mauricio Giraldo";
				TargetAttributes = {
					284559A71DA9B4BF0030007A = {
						CreatedOnToolsVersion = 8.0;
						DevelopmentTeam = XRVEDV9PST;
						ProvisioningStyle = Automatic;
					};
				};
			};
			buildConfigurationList = 284559A31DA9B4BF0030007A /* Build configuration list for PBXProject "burguesasham" */;
			compatibilityVersion = "Xcode 3.2";
			developmentRegion = English;
			hasScannedForEncodings = 0;
			knownRegions = (
				en,
				Base,
			);
			mainGroup = 2845599F1DA9B4BF0030007A;
			productRefGroup = 284559A91DA9B4BF0030007A /* Products */;
			projectDirPath = "";
			projectRoot = "";
			targets = (
				284559A71DA9B4BF0030007A /* burguesasham */,
			);
		};
/* End PBXProject section */

/* Begin PBXResourcesBuildPhase section */
		284559A61DA9B4BF0030007A /* Resources */ = {
			isa = PBXResourcesBuildPhase;
			buildActionMask = 2147483647;
			files = (
				284559B61DA9B4C00030007A /* LaunchScreen.storyboard in Resources */,
				284559B31DA9B4C00030007A /* Assets.xcassets in Resources */,
				284559B11DA9B4C00030007A /* Main.storyboard in Resources */,
			);
			runOnlyForDeploymentPostprocessing = 0;
		};
/* End PBXResourcesBuildPhase section */

/* Begin PBXSourcesBuildPhase section */
		284559A41DA9B4BF0030007A /* Sources */ = {
			isa = PBXSourcesBuildPhase;
			buildActionMask = 2147483647;
			files = (
				284559AE1DA9B4BF0030007A /* ViewController.swift in Sources */,
				284559AC1DA9B4BF0030007A /* AppDelegate.swift in Sources */,
				284559BF1DA9CB840030007A /* Datos.swift in Sources */,
			);
			runOnlyForDeploymentPostprocessing = 0;
		};
/* End PBXSourcesBuildPhase section */

/* Begin PBXVariantGroup section */
		284559AF1DA9B4C00030007A /* Main.storyboard */ = {
			isa = PBXVariantGroup;
			children = (
				284559B01DA9B4C00030007A /* Base */,
			);
			name = Main.storyboard;
			sourceTree = "<group>";
		};
		284559B41DA9B4C00030007A /* LaunchScreen.storyboard */ = {
			isa = PBXVariantGroup;
			children = (
				284559B51DA9B4C00030007A /* Base */,
			);
			name = LaunchScreen.storyboard;
			sourceTree = "<group>";
		};
/* End PBXVariantGroup section */

/* Begin XCBuildConfiguration section */
		284559B81DA9B4C00030007A /* Debug */ = {
			isa = XCBuildConfiguration;
			buildSettings = {
				ALWAYS_SEARCH_USER_PATHS = NO;
				CLANG_ANALYZER_NONNULL = YES;
				CLANG_CXX_LANGUAGE_STANDARD = "gnu++0x";
				CLANG_CXX_LIBRARY = "libc++";
				CLANG_ENABLE_MODULES = YES;
				CLANG_ENABLE_OBJC_ARC = YES;
				CLANG_WARN_BOOL_CONVERSION = YES;
				CLANG_WARN_CONSTANT_CONVERSION = YES;
				CLANG_WARN_DIRECT_OBJC_ISA_USAGE = YES_ERROR;
				CLANG_WARN_DOCUMENTATION_COMMENTS = YES;
				CLANG_WARN_EMPTY_BODY = YES;
				CLANG_WARN_ENUM_CONVERSION = YES;
				CLANG_WARN_INFINITE_RECURSION = YES;
				CLANG_WARN_INT_CONVERSION = YES;
				CLANG_WARN_OBJC_ROOT_CLASS = YES_ERROR;
				CLANG_WARN_SUSPICIOUS_MOVES = YES;
				CLANG_WARN_UNREACHABLE_CODE = YES;
				CLANG_WARN__DUPLICATE_METHOD_MATCH = YES;
				"CODE_SIGN_IDENTITY[sdk=iphoneos*]" = "iPhone Developer";
				COPY_PHASE_STRIP = NO;
				DEBUG_INFORMATION_FORMAT = dwarf;
				ENABLE_STRICT_OBJC_MSGSEND = YES;
				ENABLE_TESTABILITY = YES;
				GCC_C_LANGUAGE_STANDARD = gnu99;
				GCC_DYNAMIC_NO_PIC = NO;
				GCC_NO_COMMON_BLOCKS = YES;
				GCC_OPTIMIZATION_LEVEL = 0;
				GCC_PREPROCESSOR_DEFINITIONS = (
					"DEBUG=1",
					"$(inherited)",
				);
				GCC_WARN_64_TO_32_BIT_CONVERSION = YES;
				GCC_WARN_ABOUT_RETURN_TYPE = YES_ERROR;
				GCC_WARN_UNDECLARED_SELECTOR = YES;
				GCC_WARN_UNINITIALIZED_AUTOS = YES_AGGRESSIVE;
				GCC_WARN_UNUSED_FUNCTION = YES;
				GCC_WARN_UNUSED_VARIABLE = YES;
				IPHONEOS_DEPLOYMENT_TARGET = 10.0;
				MTL_ENABLE_DEBUG_INFO = YES;
				ONLY_ACTIVE_ARCH = YES;
				SDKROOT = iphoneos;
				SWIFT_ACTIVE_COMPILATION_CONDITIONS = DEBUG;
				SWIFT_OPTIMIZATION_LEVEL = "-Onone";
			};
			name = Debug;
		};
		284559B91DA9B4C00030007A /* Release */ = {
			isa = XCBuildConfiguration;
			buildSettings = {
				ALWAYS_SEARCH_USER_PATHS = NO;
				CLANG_ANALYZER_NONNULL = YES;
				CLANG_CXX_LANGUAGE_STANDARD = "gnu++0x";
				CLANG_CXX_LIBRARY = "libc++";
				CLANG_ENABLE_MODULES = YES;
				CLANG_ENABLE_OBJC_ARC = YES;
				CLANG_WARN_BOOL_CONVERSION = YES;
				CLANG_WARN_CONSTANT_CONVERSION = YES;
				CLANG_WARN_DIRECT_OBJC_ISA_USAGE = YES_ERROR;
				CLANG_WARN_DOCUMENTATION_COMMENTS = YES;
				CLANG_WARN_EMPTY_BODY = YES;
				CLANG_WARN_ENUM_CONVERSION = YES;
				CLANG_WARN_INFINITE_RECURSION = YES;
				CLANG_WARN_INT_CONVERSION = YES;
				CLANG_WARN_OBJC_ROOT_CLASS = YES_ERROR;
				CLANG_WARN_SUSPICIOUS_MOVES = YES;
				CLANG_WARN_UNREACHABLE_CODE = YES;
				CLANG_WARN__DUPLICATE_METHOD_MATCH = YES;
				"CODE_SIGN_IDENTITY[sdk=iphoneos*]" = "iPhone Developer";
				COPY_PHASE_STRIP = NO;
				DEBUG_INFORMATION_FORMAT = "dwarf-with-dsym";
				ENABLE_NS_ASSERTIONS = NO;
				ENABLE_STRICT_OBJC_MSGSEND = YES;
				GCC_C_LANGUAGE_STANDARD = gnu99;
				GCC_NO_COMMON_BLOCKS = YES;
				GCC_WARN_64_TO_32_BIT_CONVERSION = YES;
				GCC_WARN_ABOUT_RETURN_TYPE = YES_ERROR;
				GCC_WARN_UNDECLARED_SELECTOR = YES;
				GCC_WARN_UNINITIALIZED_AUTOS = YES_AGGRESSIVE;
				GCC_WARN_UNUSED_FUNCTION = YES;
				GCC_WARN_UNUSED_VARIABLE = YES;
				IPHONEOS_DEPLOYMENT_TARGET = 10.0;
				MTL_ENABLE_DEBUG_INFO = NO;
				SDKROOT = iphoneos;
				SWIFT_OPTIMIZATION_LEVEL = "-Owholemodule";
				VALIDATE_PRODUCT = YES;
			};
			name = Release;
		};
		284559BB1DA9B4C00030007A /* Debug */ = {
			isa = XCBuildConfiguration;
			buildSettings = {
				ASSETCATALOG_COMPILER_APPICON_NAME = AppIcon;
				DEVELOPMENT_TEAM = XRVEDV9PST;
				INFOPLIST_FILE = burguesasham/Info.plist;
				LD_RUNPATH_SEARCH_PATHS = "$(inherited) @executable_path/Frameworks";
				PRODUCT_BUNDLE_IDENTIFIER = mgiraldoh.burguesasham;
				PRODUCT_NAME = "$(TARGET_NAME)";
				SWIFT_VERSION = 3.0;
			};
			name = Debug;
		};
		284559BC1DA9B4C00030007A /* Release */ = {
			isa = XCBuildConfiguration;
			buildSettings = {
				ASSETCATALOG_COMPILER_APPICON_NAME = AppIcon;
				DEVELOPMENT_TEAM = XRVEDV9PST;
				INFOPLIST_FILE = burguesasham/Info.plist;
				LD_RUNPATH_SEARCH_PATHS = "$(inherited) @executable_path/Frameworks";
				PRODUCT_BUNDLE_IDENTIFIER = mgiraldoh.burguesasham;
				PRODUCT_NAME = "$(TARGET_NAME)";
				SWIFT_VERSION = 3.0;
			};
			name = Release;
		};
/* End XCBuildConfiguration section */

/* Begin XCConfigurationList section */
		284559A31DA9B4BF0030007A /* Build configuration list for PBXProject "burguesasham" */ = {
			isa = XCConfigurationList;
			buildConfigurations = (
				284559B81DA9B4C00030007A /* Debug */,
				284559B91DA9B4C00030007A /* Release */,
			);
			defaultConfigurationIsVisible = 0;
			defaultConfigurationName = Release;
		};
		284559BA1DA9B4C00030007A /* Build configuration list for PBXNativeTarget "burguesasham" */ = {
			isa = XCConfigurationList;
			buildConfigurations = (
				284559BB1DA9B4C00030007A /* Debug */,
				284559BC1DA9B4C00030007A /* Release */,
			);
			defaultConfigurationIsVisible = 0;
		};
/* End XCConfigurationList section */
	};
	rootObject = 284559A01DA9B4BF0030007A /* Project object */;
}
